<?xml version="1.0" encoding="utf-8"?>
<Project ToolsVersion="4.0" xmlns="http://schemas.microsoft.com/developer/msbuild/2003">
  <ItemGroup>
    <Filter Include="Script">
      <UniqueIdentifier>{045fdb15-c355-42f6-9ee9-43dd81aea47a}</UniqueIdentifier>
    </Filter>
    <Filter Include="Script\Header Files">
      <UniqueIdentifier>{93995380-89BD-4b04-88EB-625FBE52EBFB}</UniqueIdentifier>
      <Extensions>h;hh;hpp;hxx;h++;hm;inl;inc;ipp;xsd</Extensions>
    </Filter>
    <Filter Include="Script\Resource Files">
      <UniqueIdentifier>{67DA6AB6-F800-4c08-8B7A-83BB121AAD01}</UniqueIdentifier>
      <Extensions>rc;ico;cur;bmp;dlg;rc2;rct;bin;rgs;gif;jpg;jpeg;jpe;resx;tiff;tif;png;wav;mfcribbon-ms</Extensions>
    </Filter>
    <Filter Include="Script\Resource Files\CoreMinimal">
      <UniqueIdentifier>{a6102177-bfc4-439d-be74-623034598cf7}</UniqueIdentifier>
    </Filter>
    <Filter Include="Script\Resource Files\Singleton">
      <UniqueIdentifier>{e09b3760-813c-417c-b5df-4cd53e1698d2}</UniqueIdentifier>
    </Filter>
    <Filter Include="Script\Resource Files\Utilities">
      <UniqueIdentifier>{8c82eddb-4004-4a2b-9866-f19318fde74e}</UniqueIdentifier>
    </Filter>
    <Filter Include="Script\Resource Files\Macro">
      <UniqueIdentifier>{0d1d9843-ff6e-43e4-bfa6-ba1e7306aac2}</UniqueIdentifier>
    </Filter>
    <Filter Include="Script\Resource Files\Random">
      <UniqueIdentifier>{e4961d91-38bc-4171-9de9-8fa997adb78a}</UniqueIdentifier>
    </Filter>
    <Filter Include="Script\Resource Files\Logger">
      <UniqueIdentifier>{93d8c182-a1ef-4c39-8dd9-06bd13d0d1cd}</UniqueIdentifier>
    </Filter>
    <Filter Include="Script\Source Files">
      <UniqueIdentifier>{4FC737F1-C7A5-4376-A066-2A32D752A2FF}</UniqueIdentifier>
      <Extensions>cpp;c;cc;cxx;c++;cppm;ixx;def;odl;idl;hpj;bat;asm;asmx</Extensions>
    </Filter>
    <Filter Include="Script\Source Files\Actor">
      <UniqueIdentifier>{5a6c6efe-107c-426a-9045-93382f6d0a83}</UniqueIdentifier>
    </Filter>
    <Filter Include="Script\Source Files\Actor\ShapeActor">
      <UniqueIdentifier>{fb521db1-4ed6-4275-b64f-d2778a2fb290}</UniqueIdentifier>
    </Filter>
    <Filter Include="Script\Resource Files\CustomException">
      <UniqueIdentifier>{f2b68d0c-338f-4887-8299-f08e7e4b7c8c}</UniqueIdentifier>
    </Filter>
    <Filter Include="Script\Resource Files\Color">
      <UniqueIdentifier>{be445c7a-fa5d-415a-9a40-e5b2a5fa3500}</UniqueIdentifier>
    </Filter>
    <Filter Include="Script\Source Files\Actor\TextActor">
      <UniqueIdentifier>{d16c5924-7d08-4ee7-8aa8-6420cb3a99dd}</UniqueIdentifier>
    </Filter>
    <Filter Include="Script\Source Files\Manager">
      <UniqueIdentifier>{1a15a2ad-2861-4c75-adb8-77c75cca923b}</UniqueIdentifier>
    </Filter>
    <Filter Include="Script\Source Files\Manager\TextureManager">
      <UniqueIdentifier>{ca78121c-3a49-42aa-8fca-e15acce81ce4}</UniqueIdentifier>
    </Filter>
    <Filter Include="Script\Source Files\Manager\ActorManager">
      <UniqueIdentifier>{46d8ff34-6062-49d0-b14b-1874ecfc4c2b}</UniqueIdentifier>
    </Filter>
    <Filter Include="Script\Source Files\Object">
      <UniqueIdentifier>{4e718387-ea54-4b65-b110-4dff0d4fd35a}</UniqueIdentifier>
    </Filter>
    <Filter Include="Script\Source Files\Core">
      <UniqueIdentifier>{e4e3fa37-d3b5-4d1f-a482-a4feca0b9175}</UniqueIdentifier>
    </Filter>
    <Filter Include="Script\Source Files\Component">
      <UniqueIdentifier>{e9c2beab-e2f9-4197-9ae8-33650faf2a68}</UniqueIdentifier>
    </Filter>
  </ItemGroup>
  <ItemGroup>
    <ClCompile Include="Main.cpp">
      <Filter>Script\Source Files</Filter>
    </ClCompile>
    <ClCompile Include="Color.cpp">
      <Filter>Script\Resource Files\Color</Filter>
    </ClCompile>
    <ClCompile Include="CustomException.cpp">
      <Filter>Script\Resource Files\CustomException</Filter>
    </ClCompile>
    <ClCompile Include="Logger.cpp">
      <Filter>Script\Resource Files\Logger</Filter>
    </ClCompile>
    <ClCompile Include="Utilities.cpp">
      <Filter>Script\Resource Files\Utilities</Filter>
    </ClCompile>
    <ClCompile Include="Singleton.cpp">
      <Filter>Script\Resource Files\Singleton</Filter>
    </ClCompile>
    <ClCompile Include="Actor.cpp">
      <Filter>Script\Source Files\Actor</Filter>
    </ClCompile>
    <ClCompile Include="ShapeActor.cpp">
      <Filter>Script\Source Files\Actor\ShapeActor</Filter>
    </ClCompile>
    <ClCompile Include="TextActor.cpp">
      <Filter>Script\Source Files\Actor\TextActor</Filter>
    </ClCompile>
    <ClCompile Include="TextureManager.cpp">
      <Filter>Script\Source Files\Manager\TextureManager</Filter>
    </ClCompile>
    <ClCompile Include="ObjectManager.cpp">
      <Filter>Script\Source Files\Manager\ActorManager</Filter>
    </ClCompile>
    <ClCompile Include="Object.cpp">
      <Filter>Script\Source Files</Filter>
    </ClCompile>
    <ClCompile Include="Core.cpp">
      <Filter>Script\Source Files</Filter>
    </ClCompile>
    <ClCompile Include="Component.cpp">
      <Filter>Script\Source Files</Filter>
    </ClCompile>
  </ItemGroup>
  <ItemGroup>
    <ClInclude Include="Color.h">
      <Filter>Script\Resource Files\Color</Filter>
    </ClInclude>
    <ClInclude Include="CustomException.h">
      <Filter>Script\Resource Files\CustomException</Filter>
    </ClInclude>
    <ClInclude Include="Logger.h">
      <Filter>Script\Resource Files\Logger</Filter>
    </ClInclude>
    <ClInclude Include="Random.h">
      <Filter>Script\Resource Files\Random</Filter>
    </ClInclude>
    <ClInclude Include="Macro.h">
      <Filter>Script\Resource Files\Macro</Filter>
    </ClInclude>
    <ClInclude Include="Utilities.h">
      <Filter>Script\Resource Files\Utilities</Filter>
    </ClInclude>
    <ClInclude Include="Singleton.h">
      <Filter>Script\Resource Files\Singleton</Filter>
    </ClInclude>
    <ClInclude Include="CoreMinimal.h">
      <Filter>Script\Resource Files\CoreMinimal</Filter>
    </ClInclude>
    <ClInclude Include="Actor.h">
      <Filter>Script\Source Files\Actor</Filter>
    </ClInclude>
    <ClInclude Include="ShapeActor.h">
      <Filter>Script\Source Files\Actor\TextActor</Filter>
    </ClInclude>
    <ClInclude Include="TextActor.h">
      <Filter>Script\Source Files\Actor\ShapeActor</Filter>
    </ClInclude>
    <ClInclude Include="TextureManager.h">
      <Filter>Script\Source Files\Manager\TextureManager</Filter>
    </ClInclude>
    <ClInclude Include="ObjectManager.h">
      <Filter>Script\Source Files\Manager\ActorManager</Filter>
    </ClInclude>
    <ClInclude Include="Object.h">
      <Filter>Script\Header Files</Filter>
    </ClInclude>
    <ClInclude Include="Core.h">
      <Filter>Script\Header Files</Filter>
    </ClInclude>
    <ClInclude Include="Component.h">
      <Filter>Script\Header Files</Filter>
    </ClInclude>
  </ItemGroup>
</Project>