<?xml version="1.0" encoding="utf-8"?>
<Project ToolsVersion="4.0" xmlns="http://schemas.microsoft.com/developer/msbuild/2003">
  <ItemGroup>
    <Filter Include="Script">
      <UniqueIdentifier>{045fdb15-c355-42f6-9ee9-43dd81aea47a}</UniqueIdentifier>
    </Filter>
    <Filter Include="Script\Header Files">
      <UniqueIdentifier>{93995380-89BD-4b04-88EB-625FBE52EBFB}</UniqueIdentifier>
      <Extensions>h;hh;hpp;hxx;h++;hm;inl;inc;ipp;xsd</Extensions>
    </Filter>
    <Filter Include="Script\Resource Files">
      <UniqueIdentifier>{67DA6AB6-F800-4c08-8B7A-83BB121AAD01}</UniqueIdentifier>
      <Extensions>rc;ico;cur;bmp;dlg;rc2;rct;bin;rgs;gif;jpg;jpeg;jpe;resx;tiff;tif;png;wav;mfcribbon-ms</Extensions>
    </Filter>
    <Filter Include="Script\Resource Files\CoreMinimal">
      <UniqueIdentifier>{a6102177-bfc4-439d-be74-623034598cf7}</UniqueIdentifier>
    </Filter>
    <Filter Include="Script\Resource Files\Singleton">
      <UniqueIdentifier>{e09b3760-813c-417c-b5df-4cd53e1698d2}</UniqueIdentifier>
    </Filter>
    <Filter Include="Script\Resource Files\Utilities">
      <UniqueIdentifier>{8c82eddb-4004-4a2b-9866-f19318fde74e}</UniqueIdentifier>
    </Filter>
    <Filter Include="Script\Resource Files\Macro">
      <UniqueIdentifier>{0d1d9843-ff6e-43e4-bfa6-ba1e7306aac2}</UniqueIdentifier>
    </Filter>
    <Filter Include="Script\Resource Files\Random">
      <UniqueIdentifier>{e4961d91-38bc-4171-9de9-8fa997adb78a}</UniqueIdentifier>
    </Filter>
    <Filter Include="Script\Resource Files\Logger">
      <UniqueIdentifier>{93d8c182-a1ef-4c39-8dd9-06bd13d0d1cd}</UniqueIdentifier>
    </Filter>
    <Filter Include="Script\Source Files">
      <UniqueIdentifier>{4FC737F1-C7A5-4376-A066-2A32D752A2FF}</UniqueIdentifier>
      <Extensions>cpp;c;cc;cxx;c++;cppm;ixx;def;odl;idl;hpj;bat;asm;asmx</Extensions>
    </Filter>
    <Filter Include="Script\Source Files\Entities">
      <UniqueIdentifier>{f97c26f0-0388-42c4-bc35-9d1b42f04a32}</UniqueIdentifier>
    </Filter>
    <Filter Include="Script\Source Files\Entities\Entity">
      <UniqueIdentifier>{b13da8e9-a1a9-4cea-8708-89148b385fa7}</UniqueIdentifier>
    </Filter>
    <Filter Include="Script\Source Files\Entities\Entity\Player">
      <UniqueIdentifier>{6c7a7786-b2df-42be-9fa3-ef73cacb6081}</UniqueIdentifier>
    </Filter>
    <Filter Include="Script\Source Files\Entities\Entity\Ennemy">
      <UniqueIdentifier>{b3cbfd55-eb1b-4254-ad37-d250a14625eb}</UniqueIdentifier>
    </Filter>
    <Filter Include="Script\Resource Files\Logger\CustomException">
      <UniqueIdentifier>{f2b68d0c-338f-4887-8299-f08e7e4b7c8c}</UniqueIdentifier>
    </Filter>
    <Filter Include="Script\Resource Files\Color">
      <UniqueIdentifier>{be445c7a-fa5d-415a-9a40-e5b2a5fa3500}</UniqueIdentifier>
    </Filter>
    <Filter Include="Script\Source Files\Attack">
      <UniqueIdentifier>{c94488b0-1494-49cd-9a12-fa186ff6886a}</UniqueIdentifier>
    </Filter>
    <Filter Include="Script\Source Files\Manager">
      <UniqueIdentifier>{a92175c9-afc5-47f9-9572-695530dd3754}</UniqueIdentifier>
    </Filter>
    <Filter Include="Script\Source Files\Manager\Actor">
      <UniqueIdentifier>{8b72270b-7640-45ea-babb-d633aef7ec8e}</UniqueIdentifier>
    </Filter>
    <Filter Include="Script\Source Files\Manager\Actor\ShapeActor">
      <UniqueIdentifier>{42b2dbc3-c10e-4fe4-8713-6b1574d5bf52}</UniqueIdentifier>
    </Filter>
    <Filter Include="Script\Source Files\Manager\Actor\TextActor">
      <UniqueIdentifier>{cde32765-16e5-4eeb-8b02-6a1d4c9ffc9b}</UniqueIdentifier>
    </Filter>
    <Filter Include="Script\Source Files\Item">
      <UniqueIdentifier>{d094a1eb-6311-4a37-829b-794a54fbedc2}</UniqueIdentifier>
    </Filter>
    <Filter Include="Script\Source Files\Item\Equipable">
      <UniqueIdentifier>{25931e62-6cfa-42c9-8a8d-e4956dae6e26}</UniqueIdentifier>
    </Filter>
    <Filter Include="Script\Source Files\Item\Equipable\Armor">
      <UniqueIdentifier>{927f0d62-9c04-43e4-9119-51e190976483}</UniqueIdentifier>
    </Filter>
    <Filter Include="Script\Source Files\Item\Equipable\Weapon">
      <UniqueIdentifier>{372c1262-6430-4db7-a8ec-d655c39a7871}</UniqueIdentifier>
    </Filter>
    <Filter Include="Script\Source Files\Item\Relic">
      <UniqueIdentifier>{4de87732-c4b4-48cd-a517-6ed490a3c617}</UniqueIdentifier>
    </Filter>
    <Filter Include="Script\Source Files\Manager\TextureManager">
      <UniqueIdentifier>{ccae565e-f86d-4797-ada7-8ae31085eece}</UniqueIdentifier>
    </Filter>
  </ItemGroup>
  <ItemGroup>
    <ClCompile Include="Main.cpp">
      <Filter>Script\Source Files</Filter>
    </ClCompile>
    <ClCompile Include="Color.cpp">
      <Filter>Script\Resource Files\Color</Filter>
    </ClCompile>
    <ClCompile Include="CustomException.cpp">
      <Filter>Script\Resource Files\Logger\CustomException</Filter>
    </ClCompile>
    <ClCompile Include="Logger.cpp">
      <Filter>Script\Resource Files\Logger</Filter>
    </ClCompile>
    <ClCompile Include="Utilities.cpp">
      <Filter>Script\Resource Files\Utilities</Filter>
    </ClCompile>
    <ClCompile Include="Singleton.cpp">
      <Filter>Script\Resource Files\Singleton</Filter>
    </ClCompile>
    <ClCompile Include="Entity.cpp">
      <Filter>Script\Source Files\Entities\Entity</Filter>
    </ClCompile>
    <ClCompile Include="Player.cpp">
      <Filter>Script\Source Files\Entities\Entity\Player</Filter>
    </ClCompile>
    <ClCompile Include="Ennemy.cpp">
      <Filter>Script\Source Files\Entities\Entity\Ennemy</Filter>
    </ClCompile>
    <ClCompile Include="AttackSkill.cpp">
      <Filter>Script\Source Files\Attack</Filter>
    </ClCompile>
    <ClCompile Include="Actor.cpp">
      <Filter>Script\Source Files\Manager\Actor</Filter>
    </ClCompile>
    <ClCompile Include="ShapeActor.cpp">
      <Filter>Script\Source Files\Manager\Actor\ShapeActor</Filter>
    </ClCompile>
    <ClCompile Include="TextActor.cpp">
      <Filter>Script\Source Files\Manager\Actor\TextActor</Filter>
    </ClCompile>
    <ClCompile Include="Item.cpp">
      <Filter>Script\Source Files\Item</Filter>
    </ClCompile>
    <ClCompile Include="Armor.cpp">
      <Filter>Script\Source Files\Item\Equipable\Armor</Filter>
    </ClCompile>
    <ClCompile Include="Equipable.cpp">
      <Filter>Script\Source Files\Item\Equipable</Filter>
    </ClCompile>
    <ClCompile Include="Relic.cpp">
      <Filter>Script\Source Files\Item\Relic</Filter>
    </ClCompile>
    <ClCompile Include="Weapon.cpp">
      <Filter>Script\Source Files\Item\Equipable\Weapon</Filter>
    </ClCompile>
    <ClCompile Include="TextureManager.cpp">
      <Filter>Script\Source Files\Manager\TextureManager</Filter>
    </ClCompile>
  </ItemGroup>
  <ItemGroup>
    <ClInclude Include="Color.h">
      <Filter>Script\Resource Files\Color</Filter>
    </ClInclude>
    <ClInclude Include="CustomException.h">
      <Filter>Script\Resource Files\Logger\CustomException</Filter>
    </ClInclude>
    <ClInclude Include="Logger.h">
      <Filter>Script\Resource Files\Logger</Filter>
    </ClInclude>
    <ClInclude Include="Random.h">
      <Filter>Script\Resource Files\Random</Filter>
    </ClInclude>
    <ClInclude Include="Macro.h">
      <Filter>Script\Resource Files\Macro</Filter>
    </ClInclude>
    <ClInclude Include="Utilities.h">
      <Filter>Script\Resource Files\Utilities</Filter>
    </ClInclude>
    <ClInclude Include="Singleton.h">
      <Filter>Script\Resource Files\Singleton</Filter>
    </ClInclude>
    <ClInclude Include="CoreMinimal.h">
      <Filter>Script\Resource Files\CoreMinimal</Filter>
    </ClInclude>
    <ClInclude Include="Entity.h">
      <Filter>Script\Source Files\Entities\Entity</Filter>
    </ClInclude>
    <ClInclude Include="Player.h">
      <Filter>Script\Source Files\Entities\Entity\Player</Filter>
    </ClInclude>
    <ClInclude Include="Ennemy.h">
      <Filter>Script\Source Files\Entities\Entity\Ennemy</Filter>
    </ClInclude>
    <ClInclude Include="AttackSkill.h">
      <Filter>Script\Source Files\Attack</Filter>
    </ClInclude>
    <ClInclude Include="Actor.h">
      <Filter>Script\Source Files\Manager\Actor</Filter>
    </ClInclude>
    <ClInclude Include="ShapeActor.h">
      <Filter>Script\Source Files\Manager\Actor\ShapeActor</Filter>
    </ClInclude>
    <ClInclude Include="TextActor.h">
      <Filter>Script\Source Files\Manager\Actor\TextActor</Filter>
    </ClInclude>
    <ClInclude Include="Item.h">
      <Filter>Script\Source Files\Item</Filter>
    </ClInclude>
    <ClInclude Include="Armor.h">
      <Filter>Script\Source Files\Item\Equipable\Armor</Filter>
    </ClInclude>
    <ClInclude Include="Equipable.h">
      <Filter>Script\Source Files\Item\Equipable</Filter>
    </ClInclude>
    <ClInclude Include="Relic.h">
      <Filter>Script\Source Files\Item\Relic</Filter>
    </ClInclude>
    <ClInclude Include="Weapon.h">
      <Filter>Script\Source Files\Item\Equipable\Weapon</Filter>
    </ClInclude>
    <ClInclude Include="TextureManager.h">
      <Filter>Script\Source Files\Manager\TextureManager</Filter>
    </ClInclude>
  </ItemGroup>
</Project>